# This file is autogenerated, do not edit; changes may be undone by the next 'dep ensure'.


[[projects]]
  branch = "master"
  name = "github.com/codahale/hdrhistogram"
  packages = ["."]
  revision = "3a0bb77429bd3a61596f5e8a3172445844342120"

[[projects]]
  name = "github.com/gogo/protobuf"
  packages = ["gogoproto","proto","protoc-gen-gogo/descriptor"]
  revision = "100ba4e885062801d56799d78530b73b178a78f3"
  version = "v0.4"

[[projects]]
  branch = "master"
  name = "github.com/golang/protobuf"
  packages = ["proto","ptypes","ptypes/any","ptypes/duration","ptypes/timestamp"]
  revision = "11b8df160996e00fd4b55cbaafb3d84ec6d50fa8"

[[projects]]
  branch = "master"
  name = "github.com/relab/byzq"
  packages = [".","gbench"]
  revision = "48eba373a89bc00f7199f1e732deba4c9dbf136c"

[[projects]]
  branch = "master"
  name = "github.com/relab/gorums"
  packages = [".","dev","gbench"]
  revision = "5555185ced4bac37fd03f43fe6c12fb2c9f41557"

[[projects]]
  branch = "master"
  name = "github.com/relab/gridq"
  packages = [".","gbench"]
  revision = "9f74cb9056044d916fb21753c0cf731cba0b40ef"

[[projects]]
  branch = "master"
  name = "github.com/tylertreat/bench"
  packages = ["."]
  revision = "eb938b1b5e35aa6937565aa805d4da9c1fbde7b3"

[[projects]]
  branch = "master"
  name = "github.com/tylertreat/hdrhistogram-writer"
  packages = ["."]
  revision = "d105e3c15daaac745539bdd3e4a1f743b8feda09"

[[projects]]
  branch = "master"
  name = "golang.org/x/net"
  packages = ["context","http2","http2/hpack","idna","internal/timeseries","lex/httplex","trace"]
  revision = "8351a756f30f1297fe94bbf4b767ec589c6ea6d0"

[[projects]]
  branch = "master"
  name = "golang.org/x/text"
  packages = ["collate","collate/build","internal/colltab","internal/gen","internal/tag","internal/triegen","internal/ucd","language","secure/bidirule","transform","unicode/bidi","unicode/cldr","unicode/norm","unicode/rangetable"]
  revision = "1cbadb444a806fd9430d14ad08967ed91da4fa0a"

[[projects]]
  branch = "master"
  name = "golang.org/x/time"
  packages = ["rate"]
  revision = "8be79e1e0910c292df4e79c241bb7e8f7e725959"

[[projects]]
  branch = "master"
  name = "google.golang.org/genproto"
  packages = ["googleapis/rpc/status"]
  revision = "595979c8a7bf586b2d293fb42246bf91a0b893d9"

[[projects]]
  name = "google.golang.org/grpc"
  packages = [".","codes","connectivity","credentials","grpclb/grpc_lb_v1/messages","grpclog","internal","keepalive","metadata","naming","peer","stats","status","tap","transport"]
  revision = "f92cdcd7dcdc69e81b2d7b338479a19a8723cfa3"
  version = "v1.6.0"

[solve-meta]
  analyzer-name = "dep"
  analyzer-version = 1
  inputs-digest = "b5a7e43343acee4bac27eabbe8cba3001b2f30978ad412c191e5c630e28b5cce"
  solver-name = "gps-cdcl"
  solver-version = 1
